
Microsoft Visual Studio Solution File, Format Version 12.00
# Visual Studio 15
VisualStudioVersion = 15.0.28307.106
MinimumVisualStudioVersion = 10.0.40219.1
Project("{888888A0-9F3D-457C-B088-3A5042F75D52}") = "pca", "pca\pca.pyproj", "{9023925A-36C4-49C9-B84B-FA068519F6AE}"
EndProject
Global
	GlobalSection(SolutionConfigurationPlatforms) = preSolution
		Debug|Any CPU = Debug|Any CPU
		Release|Any CPU = Release|Any CPU
	EndGlobalSection
	GlobalSection(ProjectConfigurationPlatforms) = postSolution
		{9023925A-36C4-49C9-B84B-FA068519F6AE}.Debug|Any CPU.ActiveCfg = Debug|Any CPU
		{9023925A-36C4-49C9-B84B-FA068519F6AE}.Release|Any CPU.ActiveCfg = Release|Any CPU
	EndGlobalSection
	GlobalSection(SolutionProperties) = preSolution
		HideSolutionNode = FALSE
	EndGlobalSection
	GlobalSection(ExtensibilityGlobals) = postSolution
		SolutionGuid = {D8FEEBED-150E-40F4-B1AB-1E3AB0E029D3}
	EndGlobalSection
EndGlobal
